<?xml version="1.0" encoding="utf-8"?>
<Project ToolsVersion="4.0" xmlns="http://schemas.microsoft.com/developer/msbuild/2003">
  <ItemGroup>
    <Filter Include="Source Files">
      <UniqueIdentifier>{4FC737F1-C7A5-4376-A066-2A32D752A2FF}</UniqueIdentifier>
      <Extensions>cpp;c;cc;cxx;def;odl;idl;hpj;bat;asm;asmx</Extensions>
    </Filter>
    <Filter Include="Header Files">
      <UniqueIdentifier>{93995380-89BD-4b04-88EB-625FBE52EBFB}</UniqueIdentifier>
      <Extensions>h;hh;hpp;hxx;hm;inl;inc;xsd</Extensions>
    </Filter>
    <Filter Include="Resource Files">
      <UniqueIdentifier>{67DA6AB6-F800-4c08-8B7A-83BB121AAD01}</UniqueIdentifier>
      <Extensions>rc;ico;cur;bmp;dlg;rc2;rct;bin;rgs;gif;jpg;jpeg;jpe;resx;tiff;tif;png;wav;mfcribbon-ms</Extensions>
    </Filter>
    <Filter Include="Source Files\headers">
      <UniqueIdentifier>{ef480820-d082-4170-9e0d-a7cab3be45ac}</UniqueIdentifier>
    </Filter>
    <Filter Include="Source Files\source">
      <UniqueIdentifier>{acb1740c-d8dc-41e3-8f6e-9fe3694ba5c0}</UniqueIdentifier>
    </Filter>
    <Filter Include="Resource Files\sprites">
      <UniqueIdentifier>{e0f29118-732a-4e06-848d-463bf0dd1569}</UniqueIdentifier>
    </Filter>
  </ItemGroup>
  <ItemGroup>
    <ClCompile Include="source\src\game.cpp">
      <Filter>Source Files\source</Filter>
    </ClCompile>
    <ClCompile Include="source\src\graphics.cpp">
      <Filter>Source Files\source</Filter>
    </ClCompile>
    <ClCompile Include="source\src\input.cpp">
      <Filter>Source Files\source</Filter>
    </ClCompile>
    <ClCompile Include="source\src\main.cpp">
      <Filter>Source Files\source</Filter>
    </ClCompile>
    <ClCompile Include="source\src\sprite.cpp">
      <Filter>Source Files</Filter>
    </ClCompile>
    <ClCompile Include="source\src\animated_sprite.cpp">
      <Filter>Source Files</Filter>
    </ClCompile>
    <ClCompile Include="source\src\player.cpp">
      <Filter>Source Files</Filter>
    </ClCompile>
    <ClCompile Include="source\src\tinyxml2.cpp">
      <Filter>Source Files</Filter>
    </ClCompile>
    <ClCompile Include="source\src\tiled_level.cpp">
      <Filter>Source Files</Filter>
    </ClCompile>
    <ClCompile Include="source\src\tiled_layer.cpp">
      <Filter>Source Files</Filter>
    </ClCompile>
    <ClCompile Include="source\src\tiled_tileset.cpp">
      <Filter>Source Files</Filter>
    </ClCompile>
    <ClCompile Include="source\src\tiled_tile.cpp">
      <Filter>Source Files</Filter>
    </ClCompile>
    <ClCompile Include="source\src\tiled_frame.cpp">
      <Filter>Source Files</Filter>
    </ClCompile>
    <ClCompile Include="source\src\tiled_object.cpp">
      <Filter>Source Files</Filter>
    </ClCompile>
    <ClCompile Include="source\src\bounding_box.cpp">
      <Filter>Source Files</Filter>
    </ClCompile>
    <ClCompile Include="source\src\circle.cpp">
      <Filter>Source Files</Filter>
    </ClCompile>
    <ClCompile Include="source\src\layer.cpp">
      <Filter>Source Files</Filter>
    </ClCompile>
    <ClCompile Include="source\src\background.cpp">
      <Filter>Source Files</Filter>
    </ClCompile>
  </ItemGroup>
  <ItemGroup>
    <ClInclude Include="source\headers\game.h">
      <Filter>Source Files\headers</Filter>
    </ClInclude>
    <ClInclude Include="source\headers\graphics.h">
      <Filter>Source Files\headers</Filter>
    </ClInclude>
    <ClInclude Include="source\headers\input.h">
      <Filter>Source Files\headers</Filter>
    </ClInclude>
    <ClInclude Include="source\headers\sprite.h">
      <Filter>Header Files</Filter>
    </ClInclude>
    <ClInclude Include="source\headers\globals.h">
      <Filter>Header Files</Filter>
    </ClInclude>
    <ClInclude Include="source\headers\animated_sprite.h">
      <Filter>Header Files</Filter>
    </ClInclude>
    <ClInclude Include="source\headers\player.h">
      <Filter>Header Files</Filter>
    </ClInclude>
    <ClInclude Include="source\headers\tinyxml2.h">
      <Filter>Header Files</Filter>
    </ClInclude>
    <ClInclude Include="source\headers\tiled_level.h">
      <Filter>Header Files</Filter>
    </ClInclude>
    <ClInclude Include="source\headers\tiled_tileset.h">
      <Filter>Header Files</Filter>
    </ClInclude>
    <ClInclude Include="source\headers\tiled_layer.h">
      <Filter>Header Files</Filter>
    </ClInclude>
    <ClInclude Include="source\headers\tiled_tile.h">
      <Filter>Header Files</Filter>
    </ClInclude>
    <ClInclude Include="source\headers\tiled_frame.h">
      <Filter>Header Files</Filter>
    </ClInclude>
    <ClInclude Include="source\headers\tiled_object.h">
      <Filter>Header Files</Filter>
    </ClInclude>
    <ClInclude Include="source\headers\bounding_box.h">
      <Filter>Header Files</Filter>
    </ClInclude>
    <ClInclude Include="source\headers\circle.h">
      <Filter>Header Files</Filter>
    </ClInclude>
    <ClInclude Include="source\headers\layer.h">
      <Filter>Header Files</Filter>
    </ClInclude>
    <ClInclude Include="source\headers\background.h">
      <Filter>Header Files</Filter>
    </ClInclude>
  </ItemGroup>
  <ItemGroup>
    <Image Include="content\sprites\MyChar.png">
      <Filter>Resource Files</Filter>
    </Image>
    <Image Include="content\sprites\mega_man.jpg">
      <Filter>Resource Files</Filter>
    </Image>
    <Image Include="content\sprites\gorksprite.png">
      <Filter>Resource Files</Filter>
    </Image>
    <Image Include="content\sprites\gorksprite_resized.png">
      <Filter>Resource Files</Filter>
    </Image>
    <Image Include="content\tilesets\PrtCave.png">
      <Filter>Resource Files</Filter>
    </Image>
    <Image Include="content\tilesets\PrtBarr.png">
      <Filter>Resource Files</Filter>
    </Image>
  </ItemGroup>
  <ItemGroup>
    <None Include="content\maps\Map_1.tmx" />
    <None Include="content\maps\test.tmx" />
    <None Include="content\maps\Map_2.tmx" />
  </ItemGroup>
  <ItemGroup>
    <Xml Include="content\maps\Map_1.xml" />
  </ItemGroup>
</Project>